// !$*UTF8*$!
{
	archiveVersion = 1;
	classes = {
	};
	objectVersion = 46;
	objects = {

/* Begin PBXBuildFile section */
		6003F58E195388D20070C39A /* Foundation.framework in Frameworks */ = {isa = PBXBuildFile; fileRef = 6003F58D195388D20070C39A /* Foundation.framework */; };
		6003F590195388D20070C39A /* CoreGraphics.framework in Frameworks */ = {isa = PBXBuildFile; fileRef = 6003F58F195388D20070C39A /* CoreGraphics.framework */; };
		6003F592195388D20070C39A /* UIKit.framework in Frameworks */ = {isa = PBXBuildFile; fileRef = 6003F591195388D20070C39A /* UIKit.framework */; };
		6003F598195388D20070C39A /* InfoPlist.strings in Resources */ = {isa = PBXBuildFile; fileRef = 6003F596195388D20070C39A /* InfoPlist.strings */; };
		6003F59A195388D20070C39A /* main.m in Sources */ = {isa = PBXBuildFile; fileRef = 6003F599195388D20070C39A /* main.m */; };
		6003F59E195388D20070C39A /* TestAppDelegate.m in Sources */ = {isa = PBXBuildFile; fileRef = 6003F59D195388D20070C39A /* TestAppDelegate.m */; };
		6003F5A7195388D20070C39A /* BHViewController.m in Sources */ = {isa = PBXBuildFile; fileRef = 6003F5A6195388D20070C39A /* BHViewController.m */; };
		6003F5A9195388D20070C39A /* Images.xcassets in Resources */ = {isa = PBXBuildFile; fileRef = 6003F5A8195388D20070C39A /* Images.xcassets */; };
		6003F5B0195388D20070C39A /* XCTest.framework in Frameworks */ = {isa = PBXBuildFile; fileRef = 6003F5AF195388D20070C39A /* XCTest.framework */; };
		6003F5B1195388D20070C39A /* Foundation.framework in Frameworks */ = {isa = PBXBuildFile; fileRef = 6003F58D195388D20070C39A /* Foundation.framework */; };
		6003F5B2195388D20070C39A /* UIKit.framework in Frameworks */ = {isa = PBXBuildFile; fileRef = 6003F591195388D20070C39A /* UIKit.framework */; };
		6003F5BA195388D20070C39A /* InfoPlist.strings in Resources */ = {isa = PBXBuildFile; fileRef = 6003F5B8195388D20070C39A /* InfoPlist.strings */; };
		6003F5BC195388D20070C39A /* Tests.m in Sources */ = {isa = PBXBuildFile; fileRef = 6003F5BB195388D20070C39A /* Tests.m */; };
		873B8AEB1B1F5CCA007FD442 /* Main.storyboard in Resources */ = {isa = PBXBuildFile; fileRef = 873B8AEA1B1F5CCA007FD442 /* Main.storyboard */; };
		B96808CBB2B71FF636B1782E /* libPods-BeeHive_Tests.a in Frameworks */ = {isa = PBXBuildFile; fileRef = DFC4AA2DA76A5CB6974EE183 /* libPods-BeeHive_Tests.a */; };
		CBDD2C8001EFA009DD743247 /* libPods-BeeHive_Example.a in Frameworks */ = {isa = PBXBuildFile; fileRef = 7A03CE466E7DF1E59BC7AF74 /* libPods-BeeHive_Example.a */; };
		E202300B1C980A10001D9FC4 /* Launch Screen.storyboard in Resources */ = {isa = PBXBuildFile; fileRef = E202300A1C980A10001D9FC4 /* Launch Screen.storyboard */; };
		E23D70CA1C9A96C5005E8577 /* ShopModule.m in Sources */ = {isa = PBXBuildFile; fileRef = E23D70C91C9A96C5005E8577 /* ShopModule.m */; };
		E24C02931CA96F5400BF6FDE /* ShopModuleViewController.m in Sources */ = {isa = PBXBuildFile; fileRef = E24C02921CA96F5400BF6FDE /* ShopModuleViewController.m */; };
		E24C02961CA9701400BF6FDE /* ShopModuleService.m in Sources */ = {isa = PBXBuildFile; fileRef = E24C02951CA9701400BF6FDE /* ShopModuleService.m */; };
		FD8694641B5435BD00C3E7C5 /* TradeModule.m in Sources */ = {isa = PBXBuildFile; fileRef = FD8694631B5435BD00C3E7C5 /* TradeModule.m */; };
		FD8694681B5438A300C3E7C5 /* HomeModule.m in Sources */ = {isa = PBXBuildFile; fileRef = FD8694671B5438A300C3E7C5 /* HomeModule.m */; };
		FD86946F1B543D5100C3E7C5 /* BHTradeViewController.m in Sources */ = {isa = PBXBuildFile; fileRef = FD86946E1B543D5100C3E7C5 /* BHTradeViewController.m */; };
		FD86947B1B54C0C300C3E7C5 /* BHUserTrackViewController.m in Sources */ = {isa = PBXBuildFile; fileRef = FD8694781B54C0C300C3E7C5 /* BHUserTrackViewController.m */; };
		FD86947C1B54C0C300C3E7C5 /* UserTrackModule.m in Sources */ = {isa = PBXBuildFile; fileRef = FD86947A1B54C0C300C3E7C5 /* UserTrackModule.m */; };
/* End PBXBuildFile section */

/* Begin PBXContainerItemProxy section */
		6003F5B3195388D20070C39A /* PBXContainerItemProxy */ = {
			isa = PBXContainerItemProxy;
			containerPortal = 6003F582195388D10070C39A /* Project object */;
			proxyType = 1;
			remoteGlobalIDString = 6003F589195388D20070C39A;
			remoteInfo = BeeHive;
		};
/* End PBXContainerItemProxy section */

/* Begin PBXFileReference section */
		2FEB2C89F26501EED7267286 /* README.md */ = {isa = PBXFileReference; includeInIndex = 1; lastKnownFileType = net.daringfireball.markdown; name = README.md; path = ../README.md; sourceTree = "<group>"; };
		5ABC60DA7CABA89F0FF76BA4 /* Pods-BeeHive_Example.release.xcconfig */ = {isa = PBXFileReference; includeInIndex = 1; lastKnownFileType = text.xcconfig; name = "Pods-BeeHive_Example.release.xcconfig"; path = "Pods/Target Support Files/Pods-BeeHive_Example/Pods-BeeHive_Example.release.xcconfig"; sourceTree = "<group>"; };
		6003F58A195388D20070C39A /* BeeHive_Example.app */ = {isa = PBXFileReference; explicitFileType = wrapper.application; includeInIndex = 0; path = BeeHive_Example.app; sourceTree = BUILT_PRODUCTS_DIR; };
		6003F58D195388D20070C39A /* Foundation.framework */ = {isa = PBXFileReference; lastKnownFileType = wrapper.framework; name = Foundation.framework; path = System/Library/Frameworks/Foundation.framework; sourceTree = SDKROOT; };
		6003F58F195388D20070C39A /* CoreGraphics.framework */ = {isa = PBXFileReference; lastKnownFileType = wrapper.framework; name = CoreGraphics.framework; path = System/Library/Frameworks/CoreGraphics.framework; sourceTree = SDKROOT; };
		6003F591195388D20070C39A /* UIKit.framework */ = {isa = PBXFileReference; lastKnownFileType = wrapper.framework; name = UIKit.framework; path = System/Library/Frameworks/UIKit.framework; sourceTree = SDKROOT; };
		6003F595195388D20070C39A /* BeeHive-Info.plist */ = {isa = PBXFileReference; lastKnownFileType = text.plist.xml; path = "BeeHive-Info.plist"; sourceTree = "<group>"; };
		6003F597195388D20070C39A /* en */ = {isa = PBXFileReference; lastKnownFileType = text.plist.strings; name = en; path = en.lproj/InfoPlist.strings; sourceTree = "<group>"; };
		6003F599195388D20070C39A /* main.m */ = {isa = PBXFileReference; lastKnownFileType = sourcecode.c.objc; path = main.m; sourceTree = "<group>"; };
		6003F59B195388D20070C39A /* BeeHive-Prefix.pch */ = {isa = PBXFileReference; lastKnownFileType = sourcecode.c.h; path = "BeeHive-Prefix.pch"; sourceTree = "<group>"; };
		6003F59C195388D20070C39A /* TestAppDelegate.h */ = {isa = PBXFileReference; lastKnownFileType = sourcecode.c.h; path = TestAppDelegate.h; sourceTree = "<group>"; };
		6003F59D195388D20070C39A /* TestAppDelegate.m */ = {isa = PBXFileReference; lastKnownFileType = sourcecode.c.objc; path = TestAppDelegate.m; sourceTree = "<group>"; };
		6003F5A5195388D20070C39A /* BHViewController.h */ = {isa = PBXFileReference; lastKnownFileType = sourcecode.c.h; path = BHViewController.h; sourceTree = "<group>"; };
		6003F5A6195388D20070C39A /* BHViewController.m */ = {isa = PBXFileReference; lastKnownFileType = sourcecode.c.objc; path = BHViewController.m; sourceTree = "<group>"; };
		6003F5A8195388D20070C39A /* Images.xcassets */ = {isa = PBXFileReference; lastKnownFileType = folder.assetcatalog; path = Images.xcassets; sourceTree = "<group>"; };
		6003F5AE195388D20070C39A /* BeeHive_Tests.xctest */ = {isa = PBXFileReference; explicitFileType = wrapper.cfbundle; includeInIndex = 0; path = BeeHive_Tests.xctest; sourceTree = BUILT_PRODUCTS_DIR; };
		6003F5AF195388D20070C39A /* XCTest.framework */ = {isa = PBXFileReference; lastKnownFileType = wrapper.framework; name = XCTest.framework; path = Library/Frameworks/XCTest.framework; sourceTree = DEVELOPER_DIR; };
		6003F5B7195388D20070C39A /* Tests-Info.plist */ = {isa = PBXFileReference; lastKnownFileType = text.plist.xml; path = "Tests-Info.plist"; sourceTree = "<group>"; };
		6003F5B9195388D20070C39A /* en */ = {isa = PBXFileReference; lastKnownFileType = text.plist.strings; name = en; path = en.lproj/InfoPlist.strings; sourceTree = "<group>"; };
		6003F5BB195388D20070C39A /* Tests.m */ = {isa = PBXFileReference; lastKnownFileType = sourcecode.c.objc; path = Tests.m; sourceTree = "<group>"; };
		606FC2411953D9B200FFA9A0 /* Tests-Prefix.pch */ = {isa = PBXFileReference; lastKnownFileType = sourcecode.c.h; path = "Tests-Prefix.pch"; sourceTree = "<group>"; };
		658ACC905783DDBE743923DD /* Pods-BeeHive_Tests.release.xcconfig */ = {isa = PBXFileReference; includeInIndex = 1; lastKnownFileType = text.xcconfig; name = "Pods-BeeHive_Tests.release.xcconfig"; path = "Pods/Target Support Files/Pods-BeeHive_Tests/Pods-BeeHive_Tests.release.xcconfig"; sourceTree = "<group>"; };
		7A03CE466E7DF1E59BC7AF74 /* libPods-BeeHive_Example.a */ = {isa = PBXFileReference; explicitFileType = archive.ar; includeInIndex = 0; path = "libPods-BeeHive_Example.a"; sourceTree = BUILT_PRODUCTS_DIR; };
		873B8AEA1B1F5CCA007FD442 /* Main.storyboard */ = {isa = PBXFileReference; fileEncoding = 4; lastKnownFileType = file.storyboard; path = Main.storyboard; sourceTree = "<group>"; };
		8924802DAA5D06FB9E3042C5 /* LICENSE */ = {isa = PBXFileReference; includeInIndex = 1; lastKnownFileType = text; name = LICENSE; path = ../LICENSE; sourceTree = "<group>"; };
		BB5876F8DF2E56F7D47DFD5D /* Pods-BeeHive_Example.debug.xcconfig */ = {isa = PBXFileReference; includeInIndex = 1; lastKnownFileType = text.xcconfig; name = "Pods-BeeHive_Example.debug.xcconfig"; path = "Pods/Target Support Files/Pods-BeeHive_Example/Pods-BeeHive_Example.debug.xcconfig"; sourceTree = "<group>"; };
		BE5B35A6471442F678BE99CA /* BeeHive.podspec */ = {isa = PBXFileReference; includeInIndex = 1; lastKnownFileType = text; name = BeeHive.podspec; path = ../BeeHive.podspec; sourceTree = "<group>"; };
		C69F626F6CDF69BC88F4FAED /* Pods-BeeHive_Tests.debug.xcconfig */ = {isa = PBXFileReference; includeInIndex = 1; lastKnownFileType = text.xcconfig; name = "Pods-BeeHive_Tests.debug.xcconfig"; path = "Pods/Target Support Files/Pods-BeeHive_Tests/Pods-BeeHive_Tests.debug.xcconfig"; sourceTree = "<group>"; };
		DFC4AA2DA76A5CB6974EE183 /* libPods-BeeHive_Tests.a */ = {isa = PBXFileReference; explicitFileType = archive.ar; includeInIndex = 0; path = "libPods-BeeHive_Tests.a"; sourceTree = BUILT_PRODUCTS_DIR; };
		E202300A1C980A10001D9FC4 /* Launch Screen.storyboard */ = {isa = PBXFileReference; fileEncoding = 4; lastKnownFileType = file.storyboard; path = "Launch Screen.storyboard"; sourceTree = "<group>"; };
		E23D70C81C9A96C5005E8577 /* ShopModule.h */ = {isa = PBXFileReference; fileEncoding = 4; lastKnownFileType = sourcecode.c.h; path = ShopModule.h; sourceTree = "<group>"; };
		E23D70C91C9A96C5005E8577 /* ShopModule.m */ = {isa = PBXFileReference; fileEncoding = 4; lastKnownFileType = sourcecode.c.objc; path = ShopModule.m; sourceTree = "<group>"; };
		E24C027D1CA9255600BF6FDE /* AppConfigServiceProtocol.h */ = {isa = PBXFileReference; fileEncoding = 4; lastKnownFileType = sourcecode.c.h; path = AppConfigServiceProtocol.h; sourceTree = "<group>"; };
		E24C027E1CA9255600BF6FDE /* AppUISkeletonServiceProtocol.h */ = {isa = PBXFileReference; fileEncoding = 4; lastKnownFileType = sourcecode.c.h; path = AppUISkeletonServiceProtocol.h; sourceTree = "<group>"; };
		E24C027F1CA9255600BF6FDE /* BHService.h */ = {isa = PBXFileReference; fileEncoding = 4; lastKnownFileType = sourcecode.c.h; path = BHService.h; sourceTree = "<group>"; };
		E24C02801CA9255600BF6FDE /* HomeServiceProtocol.h */ = {isa = PBXFileReference; fileEncoding = 4; lastKnownFileType = sourcecode.c.h; path = HomeServiceProtocol.h; sourceTree = "<group>"; };
		E24C02811CA9255600BF6FDE /* TradeServiceProtocol.h */ = {isa = PBXFileReference; fileEncoding = 4; lastKnownFileType = sourcecode.c.h; path = TradeServiceProtocol.h; sourceTree = "<group>"; };
		E24C02821CA9255600BF6FDE /* UserTrackServiceProtocol.h */ = {isa = PBXFileReference; fileEncoding = 4; lastKnownFileType = sourcecode.c.h; path = UserTrackServiceProtocol.h; sourceTree = "<group>"; };
		E24C02911CA96F5400BF6FDE /* ShopModuleViewController.h */ = {isa = PBXFileReference; fileEncoding = 4; lastKnownFileType = sourcecode.c.h; path = ShopModuleViewController.h; sourceTree = "<group>"; };
		E24C02921CA96F5400BF6FDE /* ShopModuleViewController.m */ = {isa = PBXFileReference; fileEncoding = 4; lastKnownFileType = sourcecode.c.objc; path = ShopModuleViewController.m; sourceTree = "<group>"; };
		E24C02941CA9701300BF6FDE /* ShopModuleService.h */ = {isa = PBXFileReference; fileEncoding = 4; lastKnownFileType = sourcecode.c.h; path = ShopModuleService.h; sourceTree = "<group>"; };
		E24C02951CA9701400BF6FDE /* ShopModuleService.m */ = {isa = PBXFileReference; fileEncoding = 4; lastKnownFileType = sourcecode.c.objc; path = ShopModuleService.m; sourceTree = "<group>"; };
		FD8694621B5435BD00C3E7C5 /* TradeModule.h */ = {isa = PBXFileReference; fileEncoding = 4; lastKnownFileType = sourcecode.c.h; path = TradeModule.h; sourceTree = "<group>"; };
		FD8694631B5435BD00C3E7C5 /* TradeModule.m */ = {isa = PBXFileReference; fileEncoding = 4; lastKnownFileType = sourcecode.c.objc; path = TradeModule.m; sourceTree = "<group>"; };
		FD8694661B5438A300C3E7C5 /* HomeModule.h */ = {isa = PBXFileReference; fileEncoding = 4; lastKnownFileType = sourcecode.c.h; path = HomeModule.h; sourceTree = "<group>"; };
		FD8694671B5438A300C3E7C5 /* HomeModule.m */ = {isa = PBXFileReference; fileEncoding = 4; lastKnownFileType = sourcecode.c.objc; path = HomeModule.m; sourceTree = "<group>"; };
		FD86946D1B543D5100C3E7C5 /* BHTradeViewController.h */ = {isa = PBXFileReference; fileEncoding = 4; lastKnownFileType = sourcecode.c.h; path = BHTradeViewController.h; sourceTree = "<group>"; };
		FD86946E1B543D5100C3E7C5 /* BHTradeViewController.m */ = {isa = PBXFileReference; fileEncoding = 4; lastKnownFileType = sourcecode.c.objc; path = BHTradeViewController.m; sourceTree = "<group>"; };
		FD8694771B54C0C300C3E7C5 /* BHUserTrackViewController.h */ = {isa = PBXFileReference; fileEncoding = 4; lastKnownFileType = sourcecode.c.h; path = BHUserTrackViewController.h; sourceTree = "<group>"; };
		FD8694781B54C0C300C3E7C5 /* BHUserTrackViewController.m */ = {isa = PBXFileReference; fileEncoding = 4; lastKnownFileType = sourcecode.c.objc; path = BHUserTrackViewController.m; sourceTree = "<group>"; };
		FD8694791B54C0C300C3E7C5 /* UserTrackModule.h */ = {isa = PBXFileReference; fileEncoding = 4; lastKnownFileType = sourcecode.c.h; path = UserTrackModule.h; sourceTree = "<group>"; };
		FD86947A1B54C0C300C3E7C5 /* UserTrackModule.m */ = {isa = PBXFileReference; fileEncoding = 4; lastKnownFileType = sourcecode.c.objc; path = UserTrackModule.m; sourceTree = "<group>"; };
/* End PBXFileReference section */

/* Begin PBXFrameworksBuildPhase section */
		6003F587195388D20070C39A /* Frameworks */ = {
			isa = PBXFrameworksBuildPhase;
			buildActionMask = 2147483647;
			files = (
				6003F590195388D20070C39A /* CoreGraphics.framework in Frameworks */,
				6003F592195388D20070C39A /* UIKit.framework in Frameworks */,
				6003F58E195388D20070C39A /* Foundation.framework in Frameworks */,
				CBDD2C8001EFA009DD743247 /* libPods-BeeHive_Example.a in Frameworks */,
			);
			runOnlyForDeploymentPostprocessing = 0;
		};
		6003F5AB195388D20070C39A /* Frameworks */ = {
			isa = PBXFrameworksBuildPhase;
			buildActionMask = 2147483647;
			files = (
				6003F5B0195388D20070C39A /* XCTest.framework in Frameworks */,
				6003F5B2195388D20070C39A /* UIKit.framework in Frameworks */,
				6003F5B1195388D20070C39A /* Foundation.framework in Frameworks */,
				B96808CBB2B71FF636B1782E /* libPods-BeeHive_Tests.a in Frameworks */,
			);
			runOnlyForDeploymentPostprocessing = 0;
		};
/* End PBXFrameworksBuildPhase section */

/* Begin PBXGroup section */
		19AD0808D523C3ED254EF554 /* Pods */ = {
			isa = PBXGroup;
			children = (
				BB5876F8DF2E56F7D47DFD5D /* Pods-BeeHive_Example.debug.xcconfig */,
				5ABC60DA7CABA89F0FF76BA4 /* Pods-BeeHive_Example.release.xcconfig */,
				C69F626F6CDF69BC88F4FAED /* Pods-BeeHive_Tests.debug.xcconfig */,
				658ACC905783DDBE743923DD /* Pods-BeeHive_Tests.release.xcconfig */,
			);
			name = Pods;
			sourceTree = "<group>";
		};
		6003F581195388D10070C39A = {
			isa = PBXGroup;
			children = (
				60FF7A9C1954A5C5007DD14C /* Podspec Metadata */,
				6003F593195388D20070C39A /* Example for BeeHive */,
				6003F5B5195388D20070C39A /* Tests */,
				6003F58C195388D20070C39A /* Frameworks */,
				6003F58B195388D20070C39A /* Products */,
				19AD0808D523C3ED254EF554 /* Pods */,
			);
			sourceTree = "<group>";
		};
		6003F58B195388D20070C39A /* Products */ = {
			isa = PBXGroup;
			children = (
				6003F58A195388D20070C39A /* BeeHive_Example.app */,
				6003F5AE195388D20070C39A /* BeeHive_Tests.xctest */,
			);
			name = Products;
			sourceTree = "<group>";
		};
		6003F58C195388D20070C39A /* Frameworks */ = {
			isa = PBXGroup;
			children = (
				6003F58D195388D20070C39A /* Foundation.framework */,
				6003F58F195388D20070C39A /* CoreGraphics.framework */,
				6003F591195388D20070C39A /* UIKit.framework */,
				6003F5AF195388D20070C39A /* XCTest.framework */,
				7A03CE466E7DF1E59BC7AF74 /* libPods-BeeHive_Example.a */,
				DFC4AA2DA76A5CB6974EE183 /* libPods-BeeHive_Tests.a */,
			);
			name = Frameworks;
			sourceTree = "<group>";
		};
		6003F593195388D20070C39A /* Example for BeeHive */ = {
			isa = PBXGroup;
			children = (
				E24C027C1CA9251400BF6FDE /* Services */,
				E23D70C71C9A96A0005E8577 /* Shop */,
				FD8694761B54C0B200C3E7C5 /* UserTrack */,
				FD8694651B54389000C3E7C5 /* Home */,
				FD8694601B54358F00C3E7C5 /* Trade */,
				6003F59C195388D20070C39A /* TestAppDelegate.h */,
				6003F59D195388D20070C39A /* TestAppDelegate.m */,
				E202300A1C980A10001D9FC4 /* Launch Screen.storyboard */,
				873B8AEA1B1F5CCA007FD442 /* Main.storyboard */,
				6003F5A8195388D20070C39A /* Images.xcassets */,
				6003F594195388D20070C39A /* Supporting Files */,
			);
			name = "Example for BeeHive";
			path = BeeHive;
			sourceTree = "<group>";
		};
		6003F594195388D20070C39A /* Supporting Files */ = {
			isa = PBXGroup;
			children = (
				6003F595195388D20070C39A /* BeeHive-Info.plist */,
				6003F596195388D20070C39A /* InfoPlist.strings */,
				6003F599195388D20070C39A /* main.m */,
				6003F59B195388D20070C39A /* BeeHive-Prefix.pch */,
			);
			name = "Supporting Files";
			sourceTree = "<group>";
		};
		6003F5B5195388D20070C39A /* Tests */ = {
			isa = PBXGroup;
			children = (
				6003F5BB195388D20070C39A /* Tests.m */,
				6003F5B6195388D20070C39A /* Supporting Files */,
			);
			path = Tests;
			sourceTree = "<group>";
		};
		6003F5B6195388D20070C39A /* Supporting Files */ = {
			isa = PBXGroup;
			children = (
				6003F5B7195388D20070C39A /* Tests-Info.plist */,
				6003F5B8195388D20070C39A /* InfoPlist.strings */,
				606FC2411953D9B200FFA9A0 /* Tests-Prefix.pch */,
			);
			name = "Supporting Files";
			sourceTree = "<group>";
		};
		60FF7A9C1954A5C5007DD14C /* Podspec Metadata */ = {
			isa = PBXGroup;
			children = (
				BE5B35A6471442F678BE99CA /* BeeHive.podspec */,
				2FEB2C89F26501EED7267286 /* README.md */,
				8924802DAA5D06FB9E3042C5 /* LICENSE */,
			);
			name = "Podspec Metadata";
			sourceTree = "<group>";
		};
		E23D70C71C9A96A0005E8577 /* Shop */ = {
			isa = PBXGroup;
			children = (
				E23D70C81C9A96C5005E8577 /* ShopModule.h */,
				E23D70C91C9A96C5005E8577 /* ShopModule.m */,
				E24C02941CA9701300BF6FDE /* ShopModuleService.h */,
				E24C02951CA9701400BF6FDE /* ShopModuleService.m */,
				E24C02911CA96F5400BF6FDE /* ShopModuleViewController.h */,
				E24C02921CA96F5400BF6FDE /* ShopModuleViewController.m */,
			);
			name = Shop;
			sourceTree = "<group>";
		};
		E24C027C1CA9251400BF6FDE /* Services */ = {
			isa = PBXGroup;
			children = (
				E24C027D1CA9255600BF6FDE /* AppConfigServiceProtocol.h */,
				E24C027E1CA9255600BF6FDE /* AppUISkeletonServiceProtocol.h */,
				E24C027F1CA9255600BF6FDE /* BHService.h */,
				E24C02801CA9255600BF6FDE /* HomeServiceProtocol.h */,
				E24C02811CA9255600BF6FDE /* TradeServiceProtocol.h */,
				E24C02821CA9255600BF6FDE /* UserTrackServiceProtocol.h */,
			);
			name = Services;
			sourceTree = "<group>";
		};
		FD8694601B54358F00C3E7C5 /* Trade */ = {
			isa = PBXGroup;
			children = (
				FD8694621B5435BD00C3E7C5 /* TradeModule.h */,
				FD8694631B5435BD00C3E7C5 /* TradeModule.m */,
				FD86946D1B543D5100C3E7C5 /* BHTradeViewController.h */,
				FD86946E1B543D5100C3E7C5 /* BHTradeViewController.m */,
			);
			name = Trade;
			sourceTree = "<group>";
		};
		FD8694651B54389000C3E7C5 /* Home */ = {
			isa = PBXGroup;
			children = (
				6003F5A5195388D20070C39A /* BHViewController.h */,
				6003F5A6195388D20070C39A /* BHViewController.m */,
				FD8694661B5438A300C3E7C5 /* HomeModule.h */,
				FD8694671B5438A300C3E7C5 /* HomeModule.m */,
			);
			name = Home;
			sourceTree = "<group>";
		};
		FD8694761B54C0B200C3E7C5 /* UserTrack */ = {
			isa = PBXGroup;
			children = (
				FD8694771B54C0C300C3E7C5 /* BHUserTrackViewController.h */,
				FD8694781B54C0C300C3E7C5 /* BHUserTrackViewController.m */,
				FD8694791B54C0C300C3E7C5 /* UserTrackModule.h */,
				FD86947A1B54C0C300C3E7C5 /* UserTrackModule.m */,
			);
			name = UserTrack;
			sourceTree = "<group>";
		};
/* End PBXGroup section */

/* Begin PBXNativeTarget section */
		6003F589195388D20070C39A /* BeeHive_Example */ = {
			isa = PBXNativeTarget;
			buildConfigurationList = 6003F5BF195388D20070C39A /* Build configuration list for PBXNativeTarget "BeeHive_Example" */;
			buildPhases = (
				6DC1F2CD841B13DB5D39FA54 /* Check Pods Manifest.lock */,
				6003F586195388D20070C39A /* Sources */,
				6003F587195388D20070C39A /* Frameworks */,
				6003F588195388D20070C39A /* Resources */,
				88C845BDAF6479DEDB1FD33B /* Copy Pods Resources */,
				ADE8E7AC018E6FCDC51565DF /* Embed Pods Frameworks */,
			);
			buildRules = (
			);
			dependencies = (
			);
			name = BeeHive_Example;
			productName = BeeHive;
			productReference = 6003F58A195388D20070C39A /* BeeHive_Example.app */;
			productType = "com.apple.product-type.application";
		};
		6003F5AD195388D20070C39A /* BeeHive_Tests */ = {
			isa = PBXNativeTarget;
			buildConfigurationList = 6003F5C2195388D20070C39A /* Build configuration list for PBXNativeTarget "BeeHive_Tests" */;
			buildPhases = (
				35830DFB0CD1793A3A080FDF /* Check Pods Manifest.lock */,
				6003F5AA195388D20070C39A /* Sources */,
				6003F5AB195388D20070C39A /* Frameworks */,
				6003F5AC195388D20070C39A /* Resources */,
				9D91291B56C69BE35F8172BD /* Copy Pods Resources */,
				607C66309F1E80F71E841E46 /* Embed Pods Frameworks */,
			);
			buildRules = (
			);
			dependencies = (
				6003F5B4195388D20070C39A /* PBXTargetDependency */,
			);
			name = BeeHive_Tests;
			productName = BeeHiveTests;
			productReference = 6003F5AE195388D20070C39A /* BeeHive_Tests.xctest */;
			productType = "com.apple.product-type.bundle.unit-test";
		};
/* End PBXNativeTarget section */

/* Begin PBXProject section */
		6003F582195388D10070C39A /* Project object */ = {
			isa = PBXProject;
			attributes = {
				CLASSPREFIX = BH;
				LastUpgradeCheck = 0510;
				ORGANIZATIONNAME = "一渡";
				TargetAttributes = {
					6003F589195388D20070C39A = {
						DevelopmentTeam = EAA28CVMQM;
					};
					6003F5AD195388D20070C39A = {
						TestTargetID = 6003F589195388D20070C39A;
					};
				};
			};
			buildConfigurationList = 6003F585195388D10070C39A /* Build configuration list for PBXProject "BeeHive" */;
			compatibilityVersion = "Xcode 3.2";
			developmentRegion = English;
			hasScannedForEncodings = 0;
			knownRegions = (
				en,
				Base,
			);
			mainGroup = 6003F581195388D10070C39A;
			productRefGroup = 6003F58B195388D20070C39A /* Products */;
			projectDirPath = "";
			projectRoot = "";
			targets = (
				6003F589195388D20070C39A /* BeeHive_Example */,
				6003F5AD195388D20070C39A /* BeeHive_Tests */,
			);
		};
/* End PBXProject section */

/* Begin PBXResourcesBuildPhase section */
		6003F588195388D20070C39A /* Resources */ = {
			isa = PBXResourcesBuildPhase;
			buildActionMask = 2147483647;
			files = (
				873B8AEB1B1F5CCA007FD442 /* Main.storyboard in Resources */,
				6003F5A9195388D20070C39A /* Images.xcassets in Resources */,
				E202300B1C980A10001D9FC4 /* Launch Screen.storyboard in Resources */,
				6003F598195388D20070C39A /* InfoPlist.strings in Resources */,
			);
			runOnlyForDeploymentPostprocessing = 0;
		};
		6003F5AC195388D20070C39A /* Resources */ = {
			isa = PBXResourcesBuildPhase;
			buildActionMask = 2147483647;
			files = (
				6003F5BA195388D20070C39A /* InfoPlist.strings in Resources */,
			);
			runOnlyForDeploymentPostprocessing = 0;
		};
/* End PBXResourcesBuildPhase section */

/* Begin PBXShellScriptBuildPhase section */
		35830DFB0CD1793A3A080FDF /* Check Pods Manifest.lock */ = {
			isa = PBXShellScriptBuildPhase;
			buildActionMask = 2147483647;
			files = (
			);
			inputPaths = (
			);
			name = "Check Pods Manifest.lock";
			outputPaths = (
			);
			runOnlyForDeploymentPostprocessing = 0;
			shellPath = /bin/sh;
			shellScript = "diff \"${PODS_ROOT}/../Podfile.lock\" \"${PODS_ROOT}/Manifest.lock\" > /dev/null\nif [[ $? != 0 ]] ; then\n    cat << EOM\nerror: The sandbox is not in sync with the Podfile.lock. Run 'pod install' or update your CocoaPods installation.\nEOM\n    exit 1\nfi\n";
			showEnvVarsInLog = 0;
		};
		607C66309F1E80F71E841E46 /* Embed Pods Frameworks */ = {
			isa = PBXShellScriptBuildPhase;
			buildActionMask = 2147483647;
			files = (
			);
			inputPaths = (
			);
			name = "Embed Pods Frameworks";
			outputPaths = (
			);
			runOnlyForDeploymentPostprocessing = 0;
			shellPath = /bin/sh;
			shellScript = "\"${SRCROOT}/Pods/Target Support Files/Pods-BeeHive_Tests/Pods-BeeHive_Tests-frameworks.sh\"\n";
			showEnvVarsInLog = 0;
		};
		6DC1F2CD841B13DB5D39FA54 /* Check Pods Manifest.lock */ = {
			isa = PBXShellScriptBuildPhase;
			buildActionMask = 2147483647;
			files = (
			);
			inputPaths = (
			);
			name = "Check Pods Manifest.lock";
			outputPaths = (
			);
			runOnlyForDeploymentPostprocessing = 0;
			shellPath = /bin/sh;
			shellScript = "diff \"${PODS_ROOT}/../Podfile.lock\" \"${PODS_ROOT}/Manifest.lock\" > /dev/null\nif [[ $? != 0 ]] ; then\n    cat << EOM\nerror: The sandbox is not in sync with the Podfile.lock. Run 'pod install' or update your CocoaPods installation.\nEOM\n    exit 1\nfi\n";
			showEnvVarsInLog = 0;
		};
		88C845BDAF6479DEDB1FD33B /* Copy Pods Resources */ = {
			isa = PBXShellScriptBuildPhase;
			buildActionMask = 2147483647;
			files = (
			);
			inputPaths = (
			);
			name = "Copy Pods Resources";
			outputPaths = (
			);
			runOnlyForDeploymentPostprocessing = 0;
			shellPath = /bin/sh;
			shellScript = "\"${SRCROOT}/Pods/Target Support Files/Pods-BeeHive_Example/Pods-BeeHive_Example-resources.sh\"\n";
			showEnvVarsInLog = 0;
		};
		9D91291B56C69BE35F8172BD /* Copy Pods Resources */ = {
			isa = PBXShellScriptBuildPhase;
			buildActionMask = 2147483647;
			files = (
			);
			inputPaths = (
			);
			name = "Copy Pods Resources";
			outputPaths = (
			);
			runOnlyForDeploymentPostprocessing = 0;
			shellPath = /bin/sh;
			shellScript = "\"${SRCROOT}/Pods/Target Support Files/Pods-BeeHive_Tests/Pods-BeeHive_Tests-resources.sh\"\n";
			showEnvVarsInLog = 0;
		};
		ADE8E7AC018E6FCDC51565DF /* Embed Pods Frameworks */ = {
			isa = PBXShellScriptBuildPhase;
			buildActionMask = 2147483647;
			files = (
			);
			inputPaths = (
			);
			name = "Embed Pods Frameworks";
			outputPaths = (
			);
			runOnlyForDeploymentPostprocessing = 0;
			shellPath = /bin/sh;
			shellScript = "\"${SRCROOT}/Pods/Target Support Files/Pods-BeeHive_Example/Pods-BeeHive_Example-frameworks.sh\"\n";
			showEnvVarsInLog = 0;
		};
/* End PBXShellScriptBuildPhase section */

/* Begin PBXSourcesBuildPhase section */
		6003F586195388D20070C39A /* Sources */ = {
			isa = PBXSourcesBuildPhase;
			buildActionMask = 2147483647;
			files = (
				FD86946F1B543D5100C3E7C5 /* BHTradeViewController.m in Sources */,
				6003F59E195388D20070C39A /* TestAppDelegate.m in Sources */,
				6003F5A7195388D20070C39A /* BHViewController.m in Sources */,
				E24C02961CA9701400BF6FDE /* ShopModuleService.m in Sources */,
				FD86947B1B54C0C300C3E7C5 /* BHUserTrackViewController.m in Sources */,
				E23D70CA1C9A96C5005E8577 /* ShopModule.m in Sources */,
				E24C02931CA96F5400BF6FDE /* ShopModuleViewController.m in Sources */,
				FD8694681B5438A300C3E7C5 /* HomeModule.m in Sources */,
				FD8694641B5435BD00C3E7C5 /* TradeModule.m in Sources */,
				FD86947C1B54C0C300C3E7C5 /* UserTrackModule.m in Sources */,
				6003F59A195388D20070C39A /* main.m in Sources */,
			);
			runOnlyForDeploymentPostprocessing = 0;
		};
		6003F5AA195388D20070C39A /* Sources */ = {
			isa = PBXSourcesBuildPhase;
			buildActionMask = 2147483647;
			files = (
				6003F5BC195388D20070C39A /* Tests.m in Sources */,
			);
			runOnlyForDeploymentPostprocessing = 0;
		};
/* End PBXSourcesBuildPhase section */

/* Begin PBXTargetDependency section */
		6003F5B4195388D20070C39A /* PBXTargetDependency */ = {
			isa = PBXTargetDependency;
			target = 6003F589195388D20070C39A /* BeeHive_Example */;
			targetProxy = 6003F5B3195388D20070C39A /* PBXContainerItemProxy */;
		};
/* End PBXTargetDependency section */

/* Begin PBXVariantGroup section */
		6003F596195388D20070C39A /* InfoPlist.strings */ = {
			isa = PBXVariantGroup;
			children = (
				6003F597195388D20070C39A /* en */,
			);
			name = InfoPlist.strings;
			sourceTree = "<group>";
		};
		6003F5B8195388D20070C39A /* InfoPlist.strings */ = {
			isa = PBXVariantGroup;
			children = (
				6003F5B9195388D20070C39A /* en */,
			);
			name = InfoPlist.strings;
			sourceTree = "<group>";
		};
/* End PBXVariantGroup section */

/* Begin XCBuildConfiguration section */
		6003F5BD195388D20070C39A /* Debug */ = {
			isa = XCBuildConfiguration;
			buildSettings = {
				ALWAYS_SEARCH_USER_PATHS = NO;
				CLANG_CXX_LANGUAGE_STANDARD = "gnu++0x";
				CLANG_CXX_LIBRARY = "libc++";
				CLANG_ENABLE_MODULES = YES;
				CLANG_ENABLE_OBJC_ARC = YES;
				CLANG_WARN_BOOL_CONVERSION = YES;
				CLANG_WARN_CONSTANT_CONVERSION = YES;
				CLANG_WARN_DIRECT_OBJC_ISA_USAGE = YES_ERROR;
				CLANG_WARN_EMPTY_BODY = YES;
				CLANG_WARN_ENUM_CONVERSION = YES;
				CLANG_WARN_INT_CONVERSION = YES;
				CLANG_WARN_OBJC_ROOT_CLASS = YES_ERROR;
				CLANG_WARN__DUPLICATE_METHOD_MATCH = YES;
				"CODE_SIGN_IDENTITY[sdk=iphoneos*]" = "iPhone Developer";
				COPY_PHASE_STRIP = NO;
				GCC_C_LANGUAGE_STANDARD = gnu99;
				GCC_DYNAMIC_NO_PIC = NO;
				GCC_OPTIMIZATION_LEVEL = 0;
				GCC_PREPROCESSOR_DEFINITIONS = (
					"DEBUG=1",
					"$(inherited)",
				);
				GCC_SYMBOLS_PRIVATE_EXTERN = NO;
				GCC_WARN_64_TO_32_BIT_CONVERSION = YES;
				GCC_WARN_ABOUT_RETURN_TYPE = YES_ERROR;
				GCC_WARN_UNDECLARED_SELECTOR = YES;
				GCC_WARN_UNINITIALIZED_AUTOS = YES_AGGRESSIVE;
				GCC_WARN_UNUSED_FUNCTION = YES;
				GCC_WARN_UNUSED_VARIABLE = YES;
				IPHONEOS_DEPLOYMENT_TARGET = 7.1;
				ONLY_ACTIVE_ARCH = YES;
				SDKROOT = iphoneos;
				TARGETED_DEVICE_FAMILY = "1,2";
			};
			name = Debug;
		};
		6003F5BE195388D20070C39A /* Release */ = {
			isa = XCBuildConfiguration;
			buildSettings = {
				ALWAYS_SEARCH_USER_PATHS = NO;
				CLANG_CXX_LANGUAGE_STANDARD = "gnu++0x";
				CLANG_CXX_LIBRARY = "libc++";
				CLANG_ENABLE_MODULES = YES;
				CLANG_ENABLE_OBJC_ARC = YES;
				CLANG_WARN_BOOL_CONVERSION = YES;
				CLANG_WARN_CONSTANT_CONVERSION = YES;
				CLANG_WARN_DIRECT_OBJC_ISA_USAGE = YES_ERROR;
				CLANG_WARN_EMPTY_BODY = YES;
				CLANG_WARN_ENUM_CONVERSION = YES;
				CLANG_WARN_INT_CONVERSION = YES;
				CLANG_WARN_OBJC_ROOT_CLASS = YES_ERROR;
				CLANG_WARN__DUPLICATE_METHOD_MATCH = YES;
				"CODE_SIGN_IDENTITY[sdk=iphoneos*]" = "iPhone Developer";
				COPY_PHASE_STRIP = YES;
				ENABLE_NS_ASSERTIONS = NO;
				GCC_C_LANGUAGE_STANDARD = gnu99;
				GCC_WARN_64_TO_32_BIT_CONVERSION = YES;
				GCC_WARN_ABOUT_RETURN_TYPE = YES_ERROR;
				GCC_WARN_UNDECLARED_SELECTOR = YES;
				GCC_WARN_UNINITIALIZED_AUTOS = YES_AGGRESSIVE;
				GCC_WARN_UNUSED_FUNCTION = YES;
				GCC_WARN_UNUSED_VARIABLE = YES;
				IPHONEOS_DEPLOYMENT_TARGET = 7.1;
				SDKROOT = iphoneos;
				TARGETED_DEVICE_FAMILY = "1,2";
				VALIDATE_PRODUCT = YES;
			};
			name = Release;
		};
		6003F5C0195388D20070C39A /* Debug */ = {
			isa = XCBuildConfiguration;
			baseConfigurationReference = BB5876F8DF2E56F7D47DFD5D /* Pods-BeeHive_Example.debug.xcconfig */;
			buildSettings = {
				ASSETCATALOG_COMPILER_APPICON_NAME = AppIcon;
				ASSETCATALOG_COMPILER_LAUNCHIMAGE_NAME = LaunchImage;
				DEVELOPMENT_TEAM = EAA28CVMQM;
				GCC_PRECOMPILE_PREFIX_HEADER = YES;
				GCC_PREFIX_HEADER = "BeeHive/BeeHive-Prefix.pch";
				INFOPLIST_FILE = "BeeHive/BeeHive-Info.plist";
				LD_GENERATE_MAP_FILE = YES;
				MODULE_NAME = ExampleApp;
				PRODUCT_NAME = "$(TARGET_NAME)";
				TARGETED_DEVICE_FAMILY = "1,2";
				WRAPPER_EXTENSION = app;
			};
			name = Debug;
		};
		6003F5C1195388D20070C39A /* Release */ = {
			isa = XCBuildConfiguration;
			baseConfigurationReference = 5ABC60DA7CABA89F0FF76BA4 /* Pods-BeeHive_Example.release.xcconfig */;
			buildSettings = {
				ASSETCATALOG_COMPILER_APPICON_NAME = AppIcon;
				ASSETCATALOG_COMPILER_LAUNCHIMAGE_NAME = LaunchImage;
				DEVELOPMENT_TEAM = EAA28CVMQM;
				GCC_PRECOMPILE_PREFIX_HEADER = YES;
				GCC_PREFIX_HEADER = "BeeHive/BeeHive-Prefix.pch";
				INFOPLIST_FILE = "BeeHive/BeeHive-Info.plist";
				LD_GENERATE_MAP_FILE = YES;
				MODULE_NAME = ExampleApp;
				PRODUCT_NAME = "$(TARGET_NAME)";
				TARGETED_DEVICE_FAMILY = "1,2";
				WRAPPER_EXTENSION = app;
			};
			name = Release;
		};
		6003F5C3195388D20070C39A /* Debug */ = {
			isa = XCBuildConfiguration;
			baseConfigurationReference = C69F626F6CDF69BC88F4FAED /* Pods-BeeHive_Tests.debug.xcconfig */;
			buildSettings = {
				BUNDLE_LOADER = "$(TEST_HOST)";
				FRAMEWORK_SEARCH_PATHS = (
					"$(SDKROOT)/Developer/Library/Frameworks",
					"$(inherited)",
					"$(DEVELOPER_FRAMEWORKS_DIR)",
				);
				GCC_PRECOMPILE_PREFIX_HEADER = YES;
				GCC_PREFIX_HEADER = "Tests/Tests-Prefix.pch";
				GCC_PREPROCESSOR_DEFINITIONS = (
					"DEBUG=1",
					"$(inherited)",
				);
				INFOPLIST_FILE = "Tests/Tests-Info.plist";
				PRODUCT_NAME = "$(TARGET_NAME)";
				TEST_HOST = "$(BUILT_PRODUCTS_DIR)/BeeHive_Example.app/BeeHive_Example";
				WRAPPER_EXTENSION = xctest;
			};
			name = Debug;
		};
		6003F5C4195388D20070C39A /* Release */ = {
			isa = XCBuildConfiguration;
			baseConfigurationReference = 658ACC905783DDBE743923DD /* Pods-BeeHive_Tests.release.xcconfig */;
			buildSettings = {
				BUNDLE_LOADER = "$(TEST_HOST)";
				FRAMEWORK_SEARCH_PATHS = (
					"$(SDKROOT)/Developer/Library/Frameworks",
					"$(inherited)",
					"$(DEVELOPER_FRAMEWORKS_DIR)",
				);
				GCC_PRECOMPILE_PREFIX_HEADER = YES;
				GCC_PREFIX_HEADER = "Tests/Tests-Prefix.pch";
				INFOPLIST_FILE = "Tests/Tests-Info.plist";
				PRODUCT_NAME = "$(TARGET_NAME)";
				TEST_HOST = "$(BUILT_PRODUCTS_DIR)/BeeHive_Example.app/BeeHive_Example";
				WRAPPER_EXTENSION = xctest;
			};
			name = Release;
		};
/* End XCBuildConfiguration section */

/* Begin XCConfigurationList section */
		6003F585195388D10070C39A /* Build configuration list for PBXProject "BeeHive" */ = {
			isa = XCConfigurationList;
			buildConfigurations = (
				6003F5BD195388D20070C39A /* Debug */,
				6003F5BE195388D20070C39A /* Release */,
			);
			defaultConfigurationIsVisible = 0;
			defaultConfigurationName = Release;
		};
		6003F5BF195388D20070C39A /* Build configuration list for PBXNativeTarget "BeeHive_Example" */ = {
			isa = XCConfigurationList;
			buildConfigurations = (
				6003F5C0195388D20070C39A /* Debug */,
				6003F5C1195388D20070C39A /* Release */,
			);
			defaultConfigurationIsVisible = 0;
			defaultConfigurationName = Release;
		};
		6003F5C2195388D20070C39A /* Build configuration list for PBXNativeTarget "BeeHive_Tests" */ = {
			isa = XCConfigurationList;
			buildConfigurations = (
				6003F5C3195388D20070C39A /* Debug */,
				6003F5C4195388D20070C39A /* Release */,
			);
			defaultConfigurationIsVisible = 0;
			defaultConfigurationName = Release;
		};
/* End XCConfigurationList section */
	};
	rootObject = 6003F582195388D10070C39A /* Project object */;
}
